
Microsoft Visual Studio Solution File, Format Version 12.00
# Visual Studio Version 17
VisualStudioVersion = 17.0.31903.59
MinimumVisualStudioVersion = 10.0.40219.1
Project("{9A19103F-16F7-4668-BE54-9A1E7A4F7556}") = "minimizer", "minimizer\minimizer.csproj", "{981D03D1-BEE3-4091-B8E2-3714497979FA}"
EndProject
Project("{FAE04EC0-301F-11D3-BF4B-00C04F79EFBC}") = "minimizer_tests", "minimizer_tests\minimizer_tests.csproj", "{1E2D04C1-8226-4701-BDEC-B1CBE08DC2CC}"
EndProject
Global
	GlobalSection(SolutionConfigurationPlatforms) = preSolution
		Debug|Any CPU = Debug|Any CPU
		Release|Any CPU = Release|Any CPU
	EndGlobalSection
	GlobalSection(ProjectConfigurationPlatforms) = postSolution
		{981D03D1-BEE3-4091-B8E2-3714497979FA}.Debug|Any CPU.ActiveCfg = Debug|Any CPU
		{981D03D1-BEE3-4091-B8E2-3714497979FA}.Debug|Any CPU.Build.0 = Debug|Any CPU
		{981D03D1-BEE3-4091-B8E2-3714497979FA}.Release|Any CPU.ActiveCfg = Release|Any CPU
		{981D03D1-BEE3-4091-B8E2-3714497979FA}.Release|Any CPU.Build.0 = Release|Any CPU
		{1E2D04C1-8226-4701-BDEC-B1CBE08DC2CC}.Debug|Any CPU.ActiveCfg = Debug|Any CPU
		{1E2D04C1-8226-4701-BDEC-B1CBE08DC2CC}.Debug|Any CPU.Build.0 = Debug|Any CPU
		{1E2D04C1-8226-4701-BDEC-B1CBE08DC2CC}.Release|Any CPU.ActiveCfg = Release|Any CPU
		{1E2D04C1-8226-4701-BDEC-B1CBE08DC2CC}.Release|Any CPU.Build.0 = Release|Any CPU
	EndGlobalSection
	GlobalSection(SolutionProperties) = preSolution
		HideSolutionNode = FALSE
	EndGlobalSection
	GlobalSection(ExtensibilityGlobals) = postSolution
		SolutionGuid = {B515901D-77BC-4DB5-865B-D704D648E344}
	EndGlobalSection
EndGlobal
